version = 1
revision = 3
requires-python = ">=3.11"

[[package]]
name = "networkx"
version = "3.4.2"
source = { registry = "https://pypi.org/simple" }
sdist = { url = "https://files.pythonhosted.org/packages/fd/1d/06475e1cd5264c0b870ea2cc6fdb3e37177c1e565c43f56ff17a10e3937f/networkx-3.4.2.tar.gz", hash = "sha256:307c3669428c5362aab27c8a1260aa8f47c4e91d3891f48be0141738d8d053e1", size = 2151368, upload-time = "2024-10-21T12:39:38.695Z" }
wheels = [
    { url = "https://files.pythonhosted.org/packages/b9/54/dd730b32ea14ea797530a4479b2ed46a6fb250f682a9cfb997e968bf0261/networkx-3.4.2-py3-none-any.whl", hash = "sha256:df5d4365b724cf81b8c6a7312509d0c22386097011ad1abe274afd5e9d3bbc5f", size = 1723263, upload-time = "2024-10-21T12:39:36.247Z" },
]

[[package]]
name = "pgt"
version = "0.1.0"
source = { editable = "." }
dependencies = [
    { name = "networkx" },
    { name = "tree-sitter" },
    { name = "tree-sitter-java" },
    { name = "tree-sitter-kotlin" },
    { name = "tree-sitter-python" },
    { name = "tree-sitter-scala" },
]

[package.metadata]
requires-dist = [
    { name = "networkx", specifier = "==3.4.2" },
    { name = "tree-sitter", specifier = "==0.24.0" },
    { name = "tree-sitter-java", specifier = "==0.23.5" },
    { name = "tree-sitter-kotlin", specifier = "==1.1.0" },
    { name = "tree-sitter-python", specifier = "==0.23.6" },
    { name = "tree-sitter-scala", specifier = "==0.23.4" },
]

[[package]]
name = "tree-sitter"
version = "0.24.0"
source = { registry = "https://pypi.org/simple" }
sdist = { url = "https://files.pythonhosted.org/packages/a7/a2/698b9d31d08ad5558f8bfbfe3a0781bd4b1f284e89bde3ad18e05101a892/tree-sitter-0.24.0.tar.gz", hash = "sha256:abd95af65ca2f4f7eca356343391ed669e764f37748b5352946f00f7fc78e734", size = 168304, upload-time = "2025-01-17T05:06:38.115Z" }
wheels = [
    { url = "https://files.pythonhosted.org/packages/66/08/82aaf7cbea7286ee2a0b43e9b75cb93ac6ac132991b7d3c26ebe5e5235a3/tree_sitter-0.24.0-cp311-cp311-macosx_10_9_x86_64.whl", hash = "sha256:de0fb7c18c6068cacff46250c0a0473e8fc74d673e3e86555f131c2c1346fb13", size = 140733, upload-time = "2025-01-17T05:05:56.307Z" },
    { url = "https://files.pythonhosted.org/packages/8c/bd/1a84574911c40734d80327495e6e218e8f17ef318dd62bb66b55c1e969f5/tree_sitter-0.24.0-cp311-cp311-macosx_11_0_arm64.whl", hash = "sha256:a7c9c89666dea2ce2b2bf98e75f429d2876c569fab966afefdcd71974c6d8538", size = 134243, upload-time = "2025-01-17T05:05:58.706Z" },
    { url = "https://files.pythonhosted.org/packages/46/c1/c2037af2c44996d7bde84eb1c9e42308cc84b547dd6da7f8a8bea33007e1/tree_sitter-0.24.0-cp311-cp311-manylinux_2_17_aarch64.manylinux2014_aarch64.whl", hash = "sha256:4ddb113e6b8b3e3b199695b1492a47d87d06c538e63050823d90ef13cac585fd", size = 562030, upload-time = "2025-01-17T05:05:59.825Z" },
    { url = "https://files.pythonhosted.org/packages/4c/aa/2fb4d81886df958e6ec7e370895f7106d46d0bbdcc531768326124dc8972/tree_sitter-0.24.0-cp311-cp311-manylinux_2_17_x86_64.manylinux2014_x86_64.whl", hash = "sha256:01ea01a7003b88b92f7f875da6ba9d5d741e0c84bb1bd92c503c0eecd0ee6409", size = 575585, upload-time = "2025-01-17T05:06:01.045Z" },
    { url = "https://files.pythonhosted.org/packages/e3/3c/5f997ce34c0d1b744e0f0c0757113bdfc173a2e3dadda92c751685cfcbd1/tree_sitter-0.24.0-cp311-cp311-musllinux_1_2_x86_64.whl", hash = "sha256:464fa5b2cac63608915a9de8a6efd67a4da1929e603ea86abaeae2cb1fe89921", size = 578203, upload-time = "2025-01-17T05:06:02.255Z" },
    { url = "https://files.pythonhosted.org/packages/d5/1f/f2bc7fa7c3081653ea4f2639e06ff0af4616c47105dbcc0746137da7620d/tree_sitter-0.24.0-cp311-cp311-win_amd64.whl", hash = "sha256:3b1f3cbd9700e1fba0be2e7d801527e37c49fc02dc140714669144ef6ab58dce", size = 120147, upload-time = "2025-01-17T05:06:05.233Z" },
    { url = "https://files.pythonhosted.org/packages/c0/4c/9add771772c4d72a328e656367ca948e389432548696a3819b69cdd6f41e/tree_sitter-0.24.0-cp311-cp311-win_arm64.whl", hash = "sha256:f3f08a2ca9f600b3758792ba2406971665ffbad810847398d180c48cee174ee2", size = 108302, upload-time = "2025-01-17T05:06:07.487Z" },
    { url = "https://files.pythonhosted.org/packages/e9/57/3a590f287b5aa60c07d5545953912be3d252481bf5e178f750db75572bff/tree_sitter-0.24.0-cp312-cp312-macosx_10_13_x86_64.whl", hash = "sha256:14beeff5f11e223c37be7d5d119819880601a80d0399abe8c738ae2288804afc", size = 140788, upload-time = "2025-01-17T05:06:08.492Z" },
    { url = "https://files.pythonhosted.org/packages/61/0b/fc289e0cba7dbe77c6655a4dd949cd23c663fd62a8b4d8f02f97e28d7fe5/tree_sitter-0.24.0-cp312-cp312-macosx_11_0_arm64.whl", hash = "sha256:26a5b130f70d5925d67b47db314da209063664585a2fd36fa69e0717738efaf4", size = 133945, upload-time = "2025-01-17T05:06:12.39Z" },
    { url = "https://files.pythonhosted.org/packages/86/d7/80767238308a137e0b5b5c947aa243e3c1e3e430e6d0d5ae94b9a9ffd1a2/tree_sitter-0.24.0-cp312-cp312-manylinux_2_17_aarch64.manylinux2014_aarch64.whl", hash = "sha256:5fc5c3c26d83c9d0ecb4fc4304fba35f034b7761d35286b936c1db1217558b4e", size = 564819, upload-time = "2025-01-17T05:06:13.549Z" },
    { url = "https://files.pythonhosted.org/packages/bf/b3/6c5574f4b937b836601f5fb556b24804b0a6341f2eb42f40c0e6464339f4/tree_sitter-0.24.0-cp312-cp312-manylinux_2_17_x86_64.manylinux2014_x86_64.whl", hash = "sha256:772e1bd8c0931c866b848d0369b32218ac97c24b04790ec4b0e409901945dd8e", size = 579303, upload-time = "2025-01-17T05:06:16.685Z" },
    { url = "https://files.pythonhosted.org/packages/0a/f4/bd0ddf9abe242ea67cca18a64810f8af230fc1ea74b28bb702e838ccd874/tree_sitter-0.24.0-cp312-cp312-musllinux_1_2_x86_64.whl", hash = "sha256:24a8dd03b0d6b8812425f3b84d2f4763322684e38baf74e5bb766128b5633dc7", size = 581054, upload-time = "2025-01-17T05:06:19.439Z" },
    { url = "https://files.pythonhosted.org/packages/8c/1c/ff23fa4931b6ef1bbeac461b904ca7e49eaec7e7e5398584e3eef836ec96/tree_sitter-0.24.0-cp312-cp312-win_amd64.whl", hash = "sha256:f9e8b1605ab60ed43803100f067eed71b0b0e6c1fb9860a262727dbfbbb74751", size = 120221, upload-time = "2025-01-17T05:06:20.654Z" },
    { url = "https://files.pythonhosted.org/packages/b2/2a/9979c626f303177b7612a802237d0533155bf1e425ff6f73cc40f25453e2/tree_sitter-0.24.0-cp312-cp312-win_arm64.whl", hash = "sha256:f733a83d8355fc95561582b66bbea92ffd365c5d7a665bc9ebd25e049c2b2abb", size = 108234, upload-time = "2025-01-17T05:06:21.713Z" },
    { url = "https://files.pythonhosted.org/packages/61/cd/2348339c85803330ce38cee1c6cbbfa78a656b34ff58606ebaf5c9e83bd0/tree_sitter-0.24.0-cp313-cp313-macosx_10_13_x86_64.whl", hash = "sha256:0d4a6416ed421c4210f0ca405a4834d5ccfbb8ad6692d4d74f7773ef68f92071", size = 140781, upload-time = "2025-01-17T05:06:22.82Z" },
    { url = "https://files.pythonhosted.org/packages/8b/a3/1ea9d8b64e8dcfcc0051028a9c84a630301290995cd6e947bf88267ef7b1/tree_sitter-0.24.0-cp313-cp313-macosx_11_0_arm64.whl", hash = "sha256:e0992d483677e71d5c5d37f30dfb2e3afec2f932a9c53eec4fca13869b788c6c", size = 133928, upload-time = "2025-01-17T05:06:25.146Z" },
    { url = "https://files.pythonhosted.org/packages/fe/ae/55c1055609c9428a4aedf4b164400ab9adb0b1bf1538b51f4b3748a6c983/tree_sitter-0.24.0-cp313-cp313-manylinux_2_17_aarch64.manylinux2014_aarch64.whl", hash = "sha256:57277a12fbcefb1c8b206186068d456c600dbfbc3fd6c76968ee22614c5cd5ad", size = 564497, upload-time = "2025-01-17T05:06:27.53Z" },
    { url = "https://files.pythonhosted.org/packages/ce/d0/f2ffcd04882c5aa28d205a787353130cbf84b2b8a977fd211bdc3b399ae3/tree_sitter-0.24.0-cp313-cp313-manylinux_2_17_x86_64.manylinux2014_x86_64.whl", hash = "sha256:d25fa22766d63f73716c6fec1a31ee5cf904aa429484256bd5fdf5259051ed74", size = 578917, upload-time = "2025-01-17T05:06:31.057Z" },
    { url = "https://files.pythonhosted.org/packages/af/82/aebe78ea23a2b3a79324993d4915f3093ad1af43d7c2208ee90be9273273/tree_sitter-0.24.0-cp313-cp313-musllinux_1_2_x86_64.whl", hash = "sha256:7d5d9537507e1c8c5fa9935b34f320bfec4114d675e028f3ad94f11cf9db37b9", size = 581148, upload-time = "2025-01-17T05:06:32.409Z" },
    { url = "https://files.pythonhosted.org/packages/a1/b4/6b0291a590c2b0417cfdb64ccb8ea242f270a46ed429c641fbc2bfab77e0/tree_sitter-0.24.0-cp313-cp313-win_amd64.whl", hash = "sha256:f58bb4956917715ec4d5a28681829a8dad5c342cafd4aea269f9132a83ca9b34", size = 120207, upload-time = "2025-01-17T05:06:34.841Z" },
    { url = "https://files.pythonhosted.org/packages/a8/18/542fd844b75272630229c9939b03f7db232c71a9d82aadc59c596319ea6a/tree_sitter-0.24.0-cp313-cp313-win_arm64.whl", hash = "sha256:23641bd25dcd4bb0b6fa91b8fb3f46cc9f1c9f475efe4d536d3f1f688d1b84c8", size = 108232, upload-time = "2025-01-17T05:06:35.831Z" },
]

[[package]]
name = "tree-sitter-java"
version = "0.23.5"
source = { registry = "https://pypi.org/simple" }
sdist = { url = "https://files.pythonhosted.org/packages/fa/dc/eb9c8f96304e5d8ae1663126d89967a622a80937ad2909903569ccb7ec8f/tree_sitter_java-0.23.5.tar.gz", hash = "sha256:f5cd57b8f1270a7f0438878750d02ccc79421d45cca65ff284f1527e9ef02e38", size = 138121, upload-time = "2024-12-21T18:24:26.936Z" }
wheels = [
    { url = "https://files.pythonhosted.org/packages/67/21/b3399780b440e1567a11d384d0ebb1aea9b642d0d98becf30fa55c0e3a3b/tree_sitter_java-0.23.5-cp39-abi3-macosx_10_9_x86_64.whl", hash = "sha256:355ce0308672d6f7013ec913dee4a0613666f4cda9044a7824240d17f38209df", size = 58926, upload-time = "2024-12-21T18:24:12.53Z" },
    { url = "https://files.pythonhosted.org/packages/57/ef/6406b444e2a93bc72a04e802f4107e9ecf04b8de4a5528830726d210599c/tree_sitter_java-0.23.5-cp39-abi3-macosx_11_0_arm64.whl", hash = "sha256:24acd59c4720dedad80d548fe4237e43ef2b7a4e94c8549b0ca6e4c4d7bf6e69", size = 62288, upload-time = "2024-12-21T18:24:14.634Z" },
    { url = "https://files.pythonhosted.org/packages/4e/6c/74b1c150d4f69c291ab0b78d5dd1b59712559bbe7e7daf6d8466d483463f/tree_sitter_java-0.23.5-cp39-abi3-manylinux_2_17_aarch64.manylinux2014_aarch64.whl", hash = "sha256:9401e7271f0b333df39fc8a8336a0caf1b891d9a2b89ddee99fae66b794fc5b7", size = 85533, upload-time = "2024-12-21T18:24:16.695Z" },
    { url = "https://files.pythonhosted.org/packages/29/09/e0d08f5c212062fd046db35c1015a2621c2631bc8b4aae5740d7adb276ad/tree_sitter_java-0.23.5-cp39-abi3-manylinux_2_5_x86_64.manylinux1_x86_64.manylinux_2_17_x86_64.manylinux2014_x86_64.whl", hash = "sha256:370b204b9500b847f6d0c5ad584045831cee69e9a3e4d878535d39e4a7e4c4f1", size = 84033, upload-time = "2024-12-21T18:24:18.758Z" },
    { url = "https://files.pythonhosted.org/packages/43/56/7d06b23ddd09bde816a131aa504ee11a1bbe87c6b62ab9b2ed23849a3382/tree_sitter_java-0.23.5-cp39-abi3-musllinux_1_2_x86_64.whl", hash = "sha256:aae84449e330363b55b14a2af0585e4e0dae75eb64ea509b7e5b0e1de536846a", size = 82564, upload-time = "2024-12-21T18:24:20.493Z" },
    { url = "https://files.pythonhosted.org/packages/da/d6/0528c7e1e88a18221dbd8ccee3825bf274b1fa300f745fd74eb343878043/tree_sitter_java-0.23.5-cp39-abi3-win_amd64.whl", hash = "sha256:1ee45e790f8d31d416bc84a09dac2e2c6bc343e89b8a2e1d550513498eedfde7", size = 60650, upload-time = "2024-12-21T18:24:22.902Z" },
    { url = "https://files.pythonhosted.org/packages/72/57/5bab54d23179350356515526fff3cc0f3ac23bfbc1a1d518a15978d4880e/tree_sitter_java-0.23.5-cp39-abi3-win_arm64.whl", hash = "sha256:402efe136104c5603b429dc26c7e75ae14faaca54cfd319ecc41c8f2534750f4", size = 59059, upload-time = "2024-12-21T18:24:24.934Z" },
]

[[package]]
name = "tree-sitter-kotlin"
version = "1.1.0"
source = { registry = "https://pypi.org/simple" }
sdist = { url = "https://files.pythonhosted.org/packages/58/bb/bdab3665eeca21246130eec79c76e42456cfa72d59606266ecdbf37f9a96/tree_sitter_kotlin-1.1.0.tar.gz", hash = "sha256:322a35bdae75e25ae64dae6027be609c5422fab282084117816c4ebcda6168da", size = 1095728, upload-time = "2025-01-09T19:02:18.492Z" }
wheels = [
    { url = "https://files.pythonhosted.org/packages/2c/a5/ce5a2ba7b97db8d90c89516674f5c46e2d41503e00dd743ba7aad4661097/tree_sitter_kotlin-1.1.0-cp39-abi3-macosx_10_9_x86_64.whl", hash = "sha256:6cca5ef06d090e8494ac1d9f0aac71ed32207d412766b5df7da00d94334181a2", size = 312883, upload-time = "2025-01-09T19:02:02.931Z" },
    { url = "https://files.pythonhosted.org/packages/7d/20/66105b6e94d062440955d374e64d030c3173cf4f592f6a6a3c426b3c94d0/tree_sitter_kotlin-1.1.0-cp39-abi3-macosx_11_0_arm64.whl", hash = "sha256:910b41a580dae00d319e555075f3886a41386d1067931b14c7de504eeae3ae2a", size = 337016, upload-time = "2025-01-09T19:02:04.174Z" },
    { url = "https://files.pythonhosted.org/packages/f7/4c/e1ef38fe412fa9851403fc75a653f2b69bbe1e11e2e7faf219631ebe7e4a/tree_sitter_kotlin-1.1.0-cp39-abi3-manylinux_2_17_aarch64.manylinux2014_aarch64.whl", hash = "sha256:906e5444ebb01db439cb3ad65913598a4ea957b0e068aa973265926a17eb00e0", size = 359927, upload-time = "2025-01-09T19:02:06.312Z" },
    { url = "https://files.pythonhosted.org/packages/65/bd/0f3aac45eb88b6b3173ac9c23bc41d8865943cbbe1caaafc001cd1b73c90/tree_sitter_kotlin-1.1.0-cp39-abi3-manylinux_2_5_x86_64.manylinux1_x86_64.manylinux_2_17_x86_64.manylinux2014_x86_64.whl", hash = "sha256:9a92afe24b634cf914c5812af0f5c53184b1c18bdf6ee5505c83afac81f6bf6c", size = 339269, upload-time = "2025-01-09T19:02:08.644Z" },
    { url = "https://files.pythonhosted.org/packages/08/dc/4944abf3a8bc630262e93e0857bd7044d521995c1f6af50650e4fe1fdde0/tree_sitter_kotlin-1.1.0-cp39-abi3-musllinux_1_2_x86_64.whl", hash = "sha256:5960034a5c5bcc7ccb21dc7a29e4267ac4f0ef37884f39d75695eac7f004deff", size = 328921, upload-time = "2025-01-09T19:02:10.346Z" },
    { url = "https://files.pythonhosted.org/packages/24/c9/5cca0a44db41224f7f10992450af17ff432c1a336852efb312246d5705e5/tree_sitter_kotlin-1.1.0-cp39-abi3-win_amd64.whl", hash = "sha256:d4d3f330f515ba8b91da04a5335eb9ff3ce071c7b7855958912f2560f6e14976", size = 315933, upload-time = "2025-01-09T19:02:12.637Z" },
    { url = "https://files.pythonhosted.org/packages/fb/b9/12fa97f63d2b7517c6f5d16938f0c5bfe84d925c652c75ff1c5e29bf6a44/tree_sitter_kotlin-1.1.0-cp39-abi3-win_arm64.whl", hash = "sha256:e030f127a7d07952907adb9070248bd42fb86dc76fd92744727551b50e131ee7", size = 310414, upload-time = "2025-01-09T19:02:16.23Z" },
]

[[package]]
name = "tree-sitter-python"
version = "0.23.6"
source = { registry = "https://pypi.org/simple" }
sdist = { url = "https://files.pythonhosted.org/packages/1c/30/6766433b31be476fda6569a3a374c2220e45ffee0bff75460038a57bf23b/tree_sitter_python-0.23.6.tar.gz", hash = "sha256:354bfa0a2f9217431764a631516f85173e9711af2c13dbd796a8815acfe505d9", size = 155868, upload-time = "2024-12-22T23:09:55.918Z" }
wheels = [
    { url = "https://files.pythonhosted.org/packages/ab/67/577a02acae5f776007c924ca86ef14c19c12e71de0aa9d2a036f3c248e7b/tree_sitter_python-0.23.6-cp39-abi3-macosx_10_9_x86_64.whl", hash = "sha256:28fbec8f74eeb2b30292d97715e60fac9ccf8a8091ce19b9d93e9b580ed280fb", size = 74361, upload-time = "2024-12-22T23:09:42.37Z" },
    { url = "https://files.pythonhosted.org/packages/d2/a6/194b3625a7245c532ad418130d63077ce6cd241152524152f533e4d6edb0/tree_sitter_python-0.23.6-cp39-abi3-macosx_11_0_arm64.whl", hash = "sha256:680b710051b144fedf61c95197db0094f2245e82551bf7f0c501356333571f7a", size = 76436, upload-time = "2024-12-22T23:09:43.566Z" },
    { url = "https://files.pythonhosted.org/packages/d0/62/1da112689d6d282920e62c40e67ab39ea56463b0e7167bfc5e81818a770e/tree_sitter_python-0.23.6-cp39-abi3-manylinux_2_17_aarch64.manylinux2014_aarch64.whl", hash = "sha256:8a9dcef55507b6567207e8ee0a6b053d0688019b47ff7f26edc1764b7f4dc0a4", size = 112060, upload-time = "2024-12-22T23:09:44.721Z" },
    { url = "https://files.pythonhosted.org/packages/5d/62/c9358584c96e38318d69b6704653684fd8467601f7b74e88aa44f4e6903f/tree_sitter_python-0.23.6-cp39-abi3-manylinux_2_5_x86_64.manylinux1_x86_64.manylinux_2_17_x86_64.manylinux2014_x86_64.whl", hash = "sha256:29dacdc0cd2f64e55e61d96c6906533ebb2791972bec988450c46cce60092f5d", size = 112338, upload-time = "2024-12-22T23:09:48.323Z" },
    { url = "https://files.pythonhosted.org/packages/1a/58/c5e61add45e34fb8ecbf057c500bae9d96ed7c9ca36edb7985da8ae45526/tree_sitter_python-0.23.6-cp39-abi3-musllinux_1_2_x86_64.whl", hash = "sha256:7e048733c36f564b379831689006801feb267d8194f9e793fbb395ef1723335d", size = 109382, upload-time = "2024-12-22T23:09:49.49Z" },
    { url = "https://files.pythonhosted.org/packages/e9/f3/9b30893cae9b3811fe652dc6f90aaadfda12ae0b2757f5722fc7266f423c/tree_sitter_python-0.23.6-cp39-abi3-win_amd64.whl", hash = "sha256:a24027248399fb41594b696f929f9956828ae7cc85596d9f775e6c239cd0c2be", size = 75904, upload-time = "2024-12-22T23:09:51.597Z" },
    { url = "https://files.pythonhosted.org/packages/87/cb/ce35a65f83a47b510d8a2f1eddf3bdbb0d57aabc87351c8788caf3309f76/tree_sitter_python-0.23.6-cp39-abi3-win_arm64.whl", hash = "sha256:71334371bd73d5fe080aed39fbff49ed8efb9506edebe16795b0c7567ed6a272", size = 73649, upload-time = "2024-12-22T23:09:53.71Z" },
]

[[package]]
name = "tree-sitter-scala"
version = "0.23.4"
source = { registry = "https://pypi.org/simple" }
sdist = { url = "https://files.pythonhosted.org/packages/2c/ed/0bc305e7c1ed5dd49e55028d2e96cbe0731c15989546155780a688c83b0d/tree_sitter_scala-0.23.4.tar.gz", hash = "sha256:18547a91040bd14abb4a5fd046c918c8df41caaebb4e4b441d7603b5bbf9bbea", size = 1084698, upload-time = "2024-12-27T04:46:06.616Z" }
wheels = [
    { url = "https://files.pythonhosted.org/packages/22/a2/7ce5eda7d4455b524a9ba5b1aff2e62bd723018da6f01669085c2cea5a40/tree_sitter_scala-0.23.4-cp39-abi3-macosx_10_9_x86_64.whl", hash = "sha256:6571bb809c5a0af0fd13e59de4b9025026e3e56cf78f91219ce5ca896d206f73", size = 461751, upload-time = "2024-12-27T04:45:50.986Z" },
    { url = "https://files.pythonhosted.org/packages/b9/3b/941c3d66302ef9a156310d3b7207c33767abf7945e28a65b4b15046b3ce4/tree_sitter_scala-0.23.4-cp39-abi3-macosx_11_0_arm64.whl", hash = "sha256:d73a6c99899c57b7e3c10c34a1a1ca91e3ad8b921191366f98fdbe64eccddd66", size = 490722, upload-time = "2024-12-27T04:45:53.502Z" },
    { url = "https://files.pythonhosted.org/packages/3d/de/5a775bf883fa93519b266d0d573db9343ab0c676b34e1cc9232275c99dc2/tree_sitter_scala-0.23.4-cp39-abi3-manylinux_2_17_aarch64.manylinux2014_aarch64.whl", hash = "sha256:f1d4ae61c3f2073c784a786c01d010dc6b199c73da191ce3fb16c23217093afe", size = 512717, upload-time = "2024-12-27T04:45:55.872Z" },
    { url = "https://files.pythonhosted.org/packages/83/82/98ec09a8177a1fb422469de2d6c86c15079c0fbcd0f4cd78a179a7cee9f5/tree_sitter_scala-0.23.4-cp39-abi3-manylinux_2_5_x86_64.manylinux1_x86_64.manylinux_2_17_x86_64.manylinux2014_x86_64.whl", hash = "sha256:da1a01599fe81b0189b20f6a2f9c9a6896dc26b566624f138945d6b5cdbc5568", size = 512025, upload-time = "2024-12-27T04:45:58.235Z" },
    { url = "https://files.pythonhosted.org/packages/8c/05/26a7684308c51d69ae6bac946cb3506825b273b253ff8bee489f0dfd5638/tree_sitter_scala-0.23.4-cp39-abi3-musllinux_1_2_x86_64.whl", hash = "sha256:c64c72ea343df167e0c0b07bdf2722d3af89d61571e737c40451f0d77992396f", size = 543459, upload-time = "2024-12-27T04:46:00.583Z" },
    { url = "https://files.pythonhosted.org/packages/0c/16/eb7bed2592e31ec7e762c1a30001181e71030f502f7e88d49ed0793b99b0/tree_sitter_scala-0.23.4-cp39-abi3-win_amd64.whl", hash = "sha256:c07eb3f7a9b6710bd822dfb4e54526861e9f132e53cceef3d272fc1096b7ab48", size = 453347, upload-time = "2024-12-27T04:46:01.721Z" },
    { url = "https://files.pythonhosted.org/packages/36/c6/c9d91ad3e04922744b931187e1544fdfefe2fd1fb76506e99399514ebe8a/tree_sitter_scala-0.23.4-cp39-abi3-win_arm64.whl", hash = "sha256:ddf6b5db72a7ef6cd343049a91c6ce0dd85c423f6dead4bd7c4cbc5aa003d31f", size = 455006, upload-time = "2024-12-27T04:46:04.185Z" },
]
